{
  "version": "5",
  "specifiers": {
    "npm:yaml@2.6.1": "2.6.1",
    "npm:zod@4.3.6": "4.3.6"
  },
  "npm": {
    "yaml@2.6.1": {
      "integrity": "sha512-7r0XPzioN/Q9kXBro/XPnA6kznR73DHq+GXh5ON7ZozRO6aMjbmiBuKste2wslTFkC5d1dw0GooOCepZXJ2SAg==",
      "bin": true
    },
    "zod@4.3.6": {
      "integrity": "sha512-rftlrkhHZOcjDwkGlnUtZZkvaPHCsDATp4pGpuOOMDaTdDDXF91wuVDJoWoPsKX/3YPQ5fHuF3STjcYyKr+Qhg=="
    }
  },
  "workspace": {
    "dependencies": [
      "npm:zod@4.3.6"
    ]
  }
}
